
Microsoft Visual Studio Solution File, Format Version 12.00
# Visual Studio 15
VisualStudioVersion = 15.0.27703.2042
MinimumVisualStudioVersion = 10.0.40219.1
Project("{00D1A9C2-B5F0-4AF3-8072-F6C62B433612}") = "DORJet03V2", "DORJet03V2\DORJet03V2.sqlproj", "{F053BC08-EB3D-4EA3-B57B-1EC4B874A083}"
EndProject
Global
	GlobalSection(SolutionConfigurationPlatforms) = preSolution
		Debug|Any CPU = Debug|Any CPU
		Release|Any CPU = Release|Any CPU
	EndGlobalSection
	GlobalSection(ProjectConfigurationPlatforms) = postSolution
		{F053BC08-EB3D-4EA3-B57B-1EC4B874A083}.Debug|Any CPU.ActiveCfg = Debug|Any CPU
		{F053BC08-EB3D-4EA3-B57B-1EC4B874A083}.Debug|Any CPU.Build.0 = Debug|Any CPU
		{F053BC08-EB3D-4EA3-B57B-1EC4B874A083}.Debug|Any CPU.Deploy.0 = Debug|Any CPU
		{F053BC08-EB3D-4EA3-B57B-1EC4B874A083}.Release|Any CPU.ActiveCfg = Release|Any CPU
		{F053BC08-EB3D-4EA3-B57B-1EC4B874A083}.Release|Any CPU.Build.0 = Release|Any CPU
		{F053BC08-EB3D-4EA3-B57B-1EC4B874A083}.Release|Any CPU.Deploy.0 = Release|Any CPU
	EndGlobalSection
	GlobalSection(SolutionProperties) = preSolution
		HideSolutionNode = FALSE
	EndGlobalSection
	GlobalSection(ExtensibilityGlobals) = postSolution
		SolutionGuid = {0B444617-5DB0-45A0-A0DD-09E9159A6231}
	EndGlobalSection
EndGlobal
